
Microsoft Visual Studio Solution File, Format Version 12.00
# Visual Studio 14
VisualStudioVersion = 14.0.25420.1
MinimumVisualStudioVersion = 10.0.40219.1
Project("{2150E333-8FDC-42A3-9474-1A3956D46DE8}") = "src", "src", "{2E0C9BD4-5F0F-4786-A523-D3CE416CC5E0}"
EndProject
Project("{FAE04EC0-301F-11D3-BF4B-00C04F79EFBC}") = "TransitiveAlgorithms", "src\TransitiveAlgorithms\TransitiveAlgorithms.csproj", "{EA711C78-AA22-4F39-8D91-23153A138A22}"
EndProject
Project("{2150E333-8FDC-42A3-9474-1A3956D46DE8}") = "client", "client", "{D85A2391-EB79-46CC-8AC9-E707851591D4}"
EndProject
Project("{FAE04EC0-301F-11D3-BF4B-00C04F79EFBC}") = "TransitiveAlgorithms.Client", "client\TransitiveAlgorithms.Client\TransitiveAlgorithms.Client.csproj", "{5CDF8304-0181-4B9B-92D8-FC116CAF272B}"
EndProject
Global
	GlobalSection(SolutionConfigurationPlatforms) = preSolution
		Debug|Any CPU = Debug|Any CPU
		Release|Any CPU = Release|Any CPU
	EndGlobalSection
	GlobalSection(ProjectConfigurationPlatforms) = postSolution
		{EA711C78-AA22-4F39-8D91-23153A138A22}.Debug|Any CPU.ActiveCfg = Debug|Any CPU
		{EA711C78-AA22-4F39-8D91-23153A138A22}.Debug|Any CPU.Build.0 = Debug|Any CPU
		{EA711C78-AA22-4F39-8D91-23153A138A22}.Release|Any CPU.ActiveCfg = Release|Any CPU
		{EA711C78-AA22-4F39-8D91-23153A138A22}.Release|Any CPU.Build.0 = Release|Any CPU
		{5CDF8304-0181-4B9B-92D8-FC116CAF272B}.Debug|Any CPU.ActiveCfg = Debug|Any CPU
		{5CDF8304-0181-4B9B-92D8-FC116CAF272B}.Debug|Any CPU.Build.0 = Debug|Any CPU
		{5CDF8304-0181-4B9B-92D8-FC116CAF272B}.Release|Any CPU.ActiveCfg = Release|Any CPU
		{5CDF8304-0181-4B9B-92D8-FC116CAF272B}.Release|Any CPU.Build.0 = Release|Any CPU
	EndGlobalSection
	GlobalSection(SolutionProperties) = preSolution
		HideSolutionNode = FALSE
	EndGlobalSection
	GlobalSection(NestedProjects) = preSolution
		{EA711C78-AA22-4F39-8D91-23153A138A22} = {2E0C9BD4-5F0F-4786-A523-D3CE416CC5E0}
		{5CDF8304-0181-4B9B-92D8-FC116CAF272B} = {D85A2391-EB79-46CC-8AC9-E707851591D4}
	EndGlobalSection
EndGlobal
